
Microsoft Visual Studio Solution File, Format Version 12.00
# Visual Studio Version 16
VisualStudioVersion = 16.0.809.7
MinimumVisualStudioVersion = 10.0.40219.1
Project("{FAE04EC0-301F-11D3-BF4B-00C04F79EFBC}") = "LD48", "LD48\LD48.csproj", "{5973D16F-9262-47B3-A215-13FD5E6DDD02}"
EndProject
Global
	GlobalSection(SolutionConfigurationPlatforms) = preSolution
		Debug|Any CPU = Debug|Any CPU
		Release|Any CPU = Release|Any CPU
	EndGlobalSection
	GlobalSection(ProjectConfigurationPlatforms) = postSolution
		{5973D16F-9262-47B3-A215-13FD5E6DDD02}.Debug|Any CPU.ActiveCfg = Debug|Any CPU
		{5973D16F-9262-47B3-A215-13FD5E6DDD02}.Debug|Any CPU.Build.0 = Debug|Any CPU
		{5973D16F-9262-47B3-A215-13FD5E6DDD02}.Release|Any CPU.ActiveCfg = Release|Any CPU
		{5973D16F-9262-47B3-A215-13FD5E6DDD02}.Release|Any CPU.Build.0 = Release|Any CPU
	EndGlobalSection
	GlobalSection(SolutionProperties) = preSolution
		HideSolutionNode = FALSE
	EndGlobalSection
	GlobalSection(ExtensibilityGlobals) = postSolution
		SolutionGuid = {80FAD800-E103-4FF1-A468-F02AA8C85652}
	EndGlobalSection
EndGlobal
